// !$*UTF8*$!
{
	archiveVersion = 1;
	classes = {
	};
	objectVersion = 56;
	objects = {

/* Begin PBXBuildFile section */
		460949A02B1F8146001C8499 /* DetailModuleBuilder.swift in Sources */ = {isa = PBXBuildFile; fileRef = 4609499B2B1F8146001C8499 /* DetailModuleBuilder.swift */; };
		460949A12B1F8146001C8499 /* DetailPresenter.swift in Sources */ = {isa = PBXBuildFile; fileRef = 4609499C2B1F8146001C8499 /* DetailPresenter.swift */; };
		460949A22B1F8146001C8499 /* DetailRouter.swift in Sources */ = {isa = PBXBuildFile; fileRef = 4609499D2B1F8146001C8499 /* DetailRouter.swift */; };
		460949A32B1F8146001C8499 /* DetailViewController.swift in Sources */ = {isa = PBXBuildFile; fileRef = 4609499E2B1F8146001C8499 /* DetailViewController.swift */; };
		460949A42B1F8146001C8499 /* DetailInteractor.swift in Sources */ = {isa = PBXBuildFile; fileRef = 4609499F2B1F8146001C8499 /* DetailInteractor.swift */; };
		460949A72B1FA335001C8499 /* SnapKit in Frameworks */ = {isa = PBXBuildFile; productRef = 460949A62B1FA335001C8499 /* SnapKit */; };
		460949A92B1FA658001C8499 /* Endpoints.swift in Sources */ = {isa = PBXBuildFile; fileRef = 460949A82B1FA658001C8499 /* Endpoints.swift */; };
		460949AC2B1FAAFE001C8499 /* Alamofire in Frameworks */ = {isa = PBXBuildFile; productRef = 460949AB2B1FAAFE001C8499 /* Alamofire */; };
		460949AE2B20DCF9001C8499 /* PlayerCell.swift in Sources */ = {isa = PBXBuildFile; fileRef = 460949AD2B20DCF9001C8499 /* PlayerCell.swift */; };
		460949BA2B20DE18001C8499 /* Extension+UIFont.swift in Sources */ = {isa = PBXBuildFile; fileRef = 460949B72B20DE18001C8499 /* Extension+UIFont.swift */; };
		460949BB2B20DE18001C8499 /* CustomLabel.swift in Sources */ = {isa = PBXBuildFile; fileRef = 460949B92B20DE18001C8499 /* CustomLabel.swift */; };
		460949BE2B20E5DF001C8499 /* AlamofireImage in Frameworks */ = {isa = PBXBuildFile; productRef = 460949BD2B20E5DF001C8499 /* AlamofireImage */; };
		4630C7262B237DA80008AE2C /* CustomTextField.swift in Sources */ = {isa = PBXBuildFile; fileRef = 4630C7252B237DA80008AE2C /* CustomTextField.swift */; };
		4630C7282B238A250008AE2C /* PlaceholderView.swift in Sources */ = {isa = PBXBuildFile; fileRef = 4630C7272B238A250008AE2C /* PlaceholderView.swift */; };
		4630C72C2B23A8B10008AE2C /* PlayerCellModel.swift in Sources */ = {isa = PBXBuildFile; fileRef = 4630C72B2B23A8B00008AE2C /* PlayerCellModel.swift */; };
		4630C72E2B24AF900008AE2C /* PlayerDetailViewModel.swift in Sources */ = {isa = PBXBuildFile; fileRef = 4630C72D2B24AF900008AE2C /* PlayerDetailViewModel.swift */; };
		463CB23F2B1F781800E3A6E4 /* AppDelegate.swift in Sources */ = {isa = PBXBuildFile; fileRef = 463CB23E2B1F781800E3A6E4 /* AppDelegate.swift */; };
		463CB2412B1F781800E3A6E4 /* SceneDelegate.swift in Sources */ = {isa = PBXBuildFile; fileRef = 463CB2402B1F781800E3A6E4 /* SceneDelegate.swift */; };
		463CB2482B1F781900E3A6E4 /* Assets.xcassets in Resources */ = {isa = PBXBuildFile; fileRef = 463CB2472B1F781900E3A6E4 /* Assets.xcassets */; };
		463CB24B2B1F781900E3A6E4 /* LaunchScreen.storyboard in Resources */ = {isa = PBXBuildFile; fileRef = 463CB2492B1F781900E3A6E4 /* LaunchScreen.storyboard */; };
		463CB2542B1F786100E3A6E4 /* Player.swift in Sources */ = {isa = PBXBuildFile; fileRef = 463CB2532B1F786100E3A6E4 /* Player.swift */; };
		463CB2572B1F787200E3A6E4 /* ApiManager.swift in Sources */ = {isa = PBXBuildFile; fileRef = 463CB2562B1F787200E3A6E4 /* ApiManager.swift */; };
		463CB2622B1F788300E3A6E4 /* PlayerListViewController.swift in Sources */ = {isa = PBXBuildFile; fileRef = 463CB25D2B1F788300E3A6E4 /* PlayerListViewController.swift */; };
		463CB2632B1F788300E3A6E4 /* PlayerListModuleBuilder.swift in Sources */ = {isa = PBXBuildFile; fileRef = 463CB25E2B1F788300E3A6E4 /* PlayerListModuleBuilder.swift */; };
		463CB2642B1F788300E3A6E4 /* PlayerListRouter.swift in Sources */ = {isa = PBXBuildFile; fileRef = 463CB25F2B1F788300E3A6E4 /* PlayerListRouter.swift */; };
		463CB2652B1F788300E3A6E4 /* PlayerListInteractor.swift in Sources */ = {isa = PBXBuildFile; fileRef = 463CB2602B1F788300E3A6E4 /* PlayerListInteractor.swift */; };
		463CB2662B1F788300E3A6E4 /* PlayerListPresenter.swift in Sources */ = {isa = PBXBuildFile; fileRef = 463CB2612B1F788300E3A6E4 /* PlayerListPresenter.swift */; };
/* End PBXBuildFile section */

/* Begin PBXFileReference section */
		4609499B2B1F8146001C8499 /* DetailModuleBuilder.swift */ = {isa = PBXFileReference; lastKnownFileType = sourcecode.swift; path = DetailModuleBuilder.swift; sourceTree = "<group>"; };
		4609499C2B1F8146001C8499 /* DetailPresenter.swift */ = {isa = PBXFileReference; lastKnownFileType = sourcecode.swift; path = DetailPresenter.swift; sourceTree = "<group>"; };
		4609499D2B1F8146001C8499 /* DetailRouter.swift */ = {isa = PBXFileReference; lastKnownFileType = sourcecode.swift; path = DetailRouter.swift; sourceTree = "<group>"; };
		4609499E2B1F8146001C8499 /* DetailViewController.swift */ = {isa = PBXFileReference; lastKnownFileType = sourcecode.swift; path = DetailViewController.swift; sourceTree = "<group>"; };
		4609499F2B1F8146001C8499 /* DetailInteractor.swift */ = {isa = PBXFileReference; lastKnownFileType = sourcecode.swift; path = DetailInteractor.swift; sourceTree = "<group>"; };
		460949A82B1FA658001C8499 /* Endpoints.swift */ = {isa = PBXFileReference; lastKnownFileType = sourcecode.swift; path = Endpoints.swift; sourceTree = "<group>"; };
		460949AD2B20DCF9001C8499 /* PlayerCell.swift */ = {isa = PBXFileReference; lastKnownFileType = sourcecode.swift; path = PlayerCell.swift; sourceTree = "<group>"; };
		460949B72B20DE18001C8499 /* Extension+UIFont.swift */ = {isa = PBXFileReference; fileEncoding = 4; lastKnownFileType = sourcecode.swift; path = "Extension+UIFont.swift"; sourceTree = "<group>"; };
		460949B92B20DE18001C8499 /* CustomLabel.swift */ = {isa = PBXFileReference; fileEncoding = 4; lastKnownFileType = sourcecode.swift; path = CustomLabel.swift; sourceTree = "<group>"; };
		4630C7252B237DA80008AE2C /* CustomTextField.swift */ = {isa = PBXFileReference; lastKnownFileType = sourcecode.swift; path = CustomTextField.swift; sourceTree = "<group>"; };
		4630C7272B238A250008AE2C /* PlaceholderView.swift */ = {isa = PBXFileReference; lastKnownFileType = sourcecode.swift; path = PlaceholderView.swift; sourceTree = "<group>"; };
		4630C72B2B23A8B00008AE2C /* PlayerCellModel.swift */ = {isa = PBXFileReference; lastKnownFileType = sourcecode.swift; path = PlayerCellModel.swift; sourceTree = "<group>"; };
		4630C72D2B24AF900008AE2C /* PlayerDetailViewModel.swift */ = {isa = PBXFileReference; lastKnownFileType = sourcecode.swift; path = PlayerDetailViewModel.swift; sourceTree = "<group>"; };
		463CB23B2B1F781800E3A6E4 /* TopScorers.app */ = {isa = PBXFileReference; explicitFileType = wrapper.application; includeInIndex = 0; path = TopScorers.app; sourceTree = BUILT_PRODUCTS_DIR; };
		463CB23E2B1F781800E3A6E4 /* AppDelegate.swift */ = {isa = PBXFileReference; lastKnownFileType = sourcecode.swift; path = AppDelegate.swift; sourceTree = "<group>"; };
		463CB2402B1F781800E3A6E4 /* SceneDelegate.swift */ = {isa = PBXFileReference; lastKnownFileType = sourcecode.swift; path = SceneDelegate.swift; sourceTree = "<group>"; };
		463CB2472B1F781900E3A6E4 /* Assets.xcassets */ = {isa = PBXFileReference; lastKnownFileType = folder.assetcatalog; path = Assets.xcassets; sourceTree = "<group>"; };
		463CB24A2B1F781900E3A6E4 /* Base */ = {isa = PBXFileReference; lastKnownFileType = file.storyboard; name = Base; path = Base.lproj/LaunchScreen.storyboard; sourceTree = "<group>"; };
		463CB24C2B1F781900E3A6E4 /* Info.plist */ = {isa = PBXFileReference; lastKnownFileType = text.plist.xml; path = Info.plist; sourceTree = "<group>"; };
		463CB2532B1F786100E3A6E4 /* Player.swift */ = {isa = PBXFileReference; fileEncoding = 4; lastKnownFileType = sourcecode.swift; path = Player.swift; sourceTree = "<group>"; };
		463CB2562B1F787200E3A6E4 /* ApiManager.swift */ = {isa = PBXFileReference; fileEncoding = 4; lastKnownFileType = sourcecode.swift; path = ApiManager.swift; sourceTree = "<group>"; };
		463CB25D2B1F788300E3A6E4 /* PlayerListViewController.swift */ = {isa = PBXFileReference; fileEncoding = 4; lastKnownFileType = sourcecode.swift; path = PlayerListViewController.swift; sourceTree = "<group>"; };
		463CB25E2B1F788300E3A6E4 /* PlayerListModuleBuilder.swift */ = {isa = PBXFileReference; fileEncoding = 4; lastKnownFileType = sourcecode.swift; path = PlayerListModuleBuilder.swift; sourceTree = "<group>"; };
		463CB25F2B1F788300E3A6E4 /* PlayerListRouter.swift */ = {isa = PBXFileReference; fileEncoding = 4; lastKnownFileType = sourcecode.swift; path = PlayerListRouter.swift; sourceTree = "<group>"; };
		463CB2602B1F788300E3A6E4 /* PlayerListInteractor.swift */ = {isa = PBXFileReference; fileEncoding = 4; lastKnownFileType = sourcecode.swift; path = PlayerListInteractor.swift; sourceTree = "<group>"; };
		463CB2612B1F788300E3A6E4 /* PlayerListPresenter.swift */ = {isa = PBXFileReference; fileEncoding = 4; lastKnownFileType = sourcecode.swift; path = PlayerListPresenter.swift; sourceTree = "<group>"; };
/* End PBXFileReference section */

/* Begin PBXFrameworksBuildPhase section */
		463CB2382B1F781800E3A6E4 /* Frameworks */ = {
			isa = PBXFrameworksBuildPhase;
			buildActionMask = 2147483647;
			files = (
				460949A72B1FA335001C8499 /* SnapKit in Frameworks */,
				460949AC2B1FAAFE001C8499 /* Alamofire in Frameworks */,
				460949BE2B20E5DF001C8499 /* AlamofireImage in Frameworks */,
			);
			runOnlyForDeploymentPostprocessing = 0;
		};
/* End PBXFrameworksBuildPhase section */

/* Begin PBXGroup section */
		4609497C2B1F7F73001C8499 /* Detail */ = {
			isa = PBXGroup;
			children = (
				4609499B2B1F8146001C8499 /* DetailModuleBuilder.swift */,
				4609499C2B1F8146001C8499 /* DetailPresenter.swift */,
				4609499D2B1F8146001C8499 /* DetailRouter.swift */,
				4609499E2B1F8146001C8499 /* DetailViewController.swift */,
				4609499F2B1F8146001C8499 /* DetailInteractor.swift */,
			);
			path = Detail;
			sourceTree = "<group>";
		};
		460949B62B20DE18001C8499 /* Extensions */ = {
			isa = PBXGroup;
			children = (
				460949B72B20DE18001C8499 /* Extension+UIFont.swift */,
			);
			path = Extensions;
			sourceTree = "<group>";
		};
		460949B82B20DE18001C8499 /* CustomViews */ = {
			isa = PBXGroup;
			children = (
				460949B92B20DE18001C8499 /* CustomLabel.swift */,
				4630C7252B237DA80008AE2C /* CustomTextField.swift */,
				4630C7272B238A250008AE2C /* PlaceholderView.swift */,
			);
			path = CustomViews;
			sourceTree = "<group>";
		};
		463CB2322B1F781800E3A6E4 = {
			isa = PBXGroup;
			children = (
				463CB23D2B1F781800E3A6E4 /* TopScorers */,
				463CB23C2B1F781800E3A6E4 /* Products */,
			);
			sourceTree = "<group>";
		};
		463CB23C2B1F781800E3A6E4 /* Products */ = {
			isa = PBXGroup;
			children = (
				463CB23B2B1F781800E3A6E4 /* TopScorers.app */,
			);
			name = Products;
			sourceTree = "<group>";
		};
		463CB23D2B1F781800E3A6E4 /* TopScorers */ = {
			isa = PBXGroup;
			children = (
				460949B82B20DE18001C8499 /* CustomViews */,
				460949B62B20DE18001C8499 /* Extensions */,
				463CB25B2B1F788300E3A6E4 /* Modules */,
				463CB2552B1F787200E3A6E4 /* API */,
				463CB2672B1F789100E3A6E4 /* Application */,
				463CB2682B1F789B00E3A6E4 /* Resources */,
				463CB2522B1F786100E3A6E4 /* Entities  */,
			);
			path = TopScorers;
			sourceTree = "<group>";
		};
		463CB2522B1F786100E3A6E4 /* Entities  */ = {
			isa = PBXGroup;
			children = (
				4630C72B2B23A8B00008AE2C /* PlayerCellModel.swift */,
				463CB2532B1F786100E3A6E4 /* Player.swift */,
				4630C72D2B24AF900008AE2C /* PlayerDetailViewModel.swift */,
			);
			path = "Entities ";
			sourceTree = "<group>";
		};
		463CB2552B1F787200E3A6E4 /* API */ = {
			isa = PBXGroup;
			children = (
				463CB2562B1F787200E3A6E4 /* ApiManager.swift */,
				460949A82B1FA658001C8499 /* Endpoints.swift */,
			);
			path = API;
			sourceTree = "<group>";
		};
		463CB25B2B1F788300E3A6E4 /* Modules */ = {
			isa = PBXGroup;
			children = (
				4609497C2B1F7F73001C8499 /* Detail */,
				463CB25C2B1F788300E3A6E4 /* PlayerList */,
			);
			path = Modules;
			sourceTree = "<group>";
		};
		463CB25C2B1F788300E3A6E4 /* PlayerList */ = {
			isa = PBXGroup;
			children = (
				463CB25D2B1F788300E3A6E4 /* PlayerListViewController.swift */,
				460949AD2B20DCF9001C8499 /* PlayerCell.swift */,
				463CB25E2B1F788300E3A6E4 /* PlayerListModuleBuilder.swift */,
				463CB25F2B1F788300E3A6E4 /* PlayerListRouter.swift */,
				463CB2602B1F788300E3A6E4 /* PlayerListInteractor.swift */,
				463CB2612B1F788300E3A6E4 /* PlayerListPresenter.swift */,
			);
			path = PlayerList;
			sourceTree = "<group>";
		};
		463CB2672B1F789100E3A6E4 /* Application */ = {
			isa = PBXGroup;
			children = (
				463CB23E2B1F781800E3A6E4 /* AppDelegate.swift */,
				463CB2402B1F781800E3A6E4 /* SceneDelegate.swift */,
			);
			path = Application;
			sourceTree = "<group>";
		};
		463CB2682B1F789B00E3A6E4 /* Resources */ = {
			isa = PBXGroup;
			children = (
				463CB2472B1F781900E3A6E4 /* Assets.xcassets */,
				463CB2492B1F781900E3A6E4 /* LaunchScreen.storyboard */,
				463CB24C2B1F781900E3A6E4 /* Info.plist */,
			);
			path = Resources;
			sourceTree = "<group>";
		};
/* End PBXGroup section */

/* Begin PBXNativeTarget section */
		463CB23A2B1F781800E3A6E4 /* TopScorers */ = {
			isa = PBXNativeTarget;
			buildConfigurationList = 463CB24F2B1F781900E3A6E4 /* Build configuration list for PBXNativeTarget "TopScorers" */;
			buildPhases = (
				463CB2372B1F781800E3A6E4 /* Sources */,
				463CB2382B1F781800E3A6E4 /* Frameworks */,
				463CB2392B1F781800E3A6E4 /* Resources */,
			);
			buildRules = (
			);
			dependencies = (
			);
			name = TopScorers;
			packageProductDependencies = (
				460949A62B1FA335001C8499 /* SnapKit */,
				460949AB2B1FAAFE001C8499 /* Alamofire */,
				460949BD2B20E5DF001C8499 /* AlamofireImage */,
			);
			productName = TopScorers;
			productReference = 463CB23B2B1F781800E3A6E4 /* TopScorers.app */;
			productType = "com.apple.product-type.application";
		};
/* End PBXNativeTarget section */

/* Begin PBXProject section */
		463CB2332B1F781800E3A6E4 /* Project object */ = {
			isa = PBXProject;
			attributes = {
				BuildIndependentTargetsInParallel = 1;
				LastSwiftUpdateCheck = 1500;
				LastUpgradeCheck = 1500;
				TargetAttributes = {
					463CB23A2B1F781800E3A6E4 = {
						CreatedOnToolsVersion = 15.0.1;
					};
				};
			};
			buildConfigurationList = 463CB2362B1F781800E3A6E4 /* Build configuration list for PBXProject "TopScorers" */;
			compatibilityVersion = "Xcode 14.0";
			developmentRegion = en;
			hasScannedForEncodings = 0;
			knownRegions = (
				en,
				Base,
			);
			mainGroup = 463CB2322B1F781800E3A6E4;
			packageReferences = (
				460949A52B1FA335001C8499 /* XCRemoteSwiftPackageReference "SnapKit" */,
				460949AA2B1FAAFE001C8499 /* XCRemoteSwiftPackageReference "Alamofire" */,
				460949BC2B20E5DF001C8499 /* XCRemoteSwiftPackageReference "AlamofireImage" */,
				4630C71C2B2240370008AE2C /* XCRemoteSwiftPackageReference "realm-swift" */,
			);
			productRefGroup = 463CB23C2B1F781800E3A6E4 /* Products */;
			projectDirPath = "";
			projectRoot = "";
			targets = (
				463CB23A2B1F781800E3A6E4 /* TopScorers */,
			);
		};
/* End PBXProject section */

/* Begin PBXResourcesBuildPhase section */
		463CB2392B1F781800E3A6E4 /* Resources */ = {
			isa = PBXResourcesBuildPhase;
			buildActionMask = 2147483647;
			files = (
				463CB24B2B1F781900E3A6E4 /* LaunchScreen.storyboard in Resources */,
				463CB2482B1F781900E3A6E4 /* Assets.xcassets in Resources */,
			);
			runOnlyForDeploymentPostprocessing = 0;
		};
/* End PBXResourcesBuildPhase section */

/* Begin PBXSourcesBuildPhase section */
		463CB2372B1F781800E3A6E4 /* Sources */ = {
			isa = PBXSourcesBuildPhase;
			buildActionMask = 2147483647;
			files = (
				463CB2662B1F788300E3A6E4 /* PlayerListPresenter.swift in Sources */,
				460949BB2B20DE18001C8499 /* CustomLabel.swift in Sources */,
				463CB2542B1F786100E3A6E4 /* Player.swift in Sources */,
				4630C72C2B23A8B10008AE2C /* PlayerCellModel.swift in Sources */,
				463CB2572B1F787200E3A6E4 /* ApiManager.swift in Sources */,
				460949A22B1F8146001C8499 /* DetailRouter.swift in Sources */,
				4630C7262B237DA80008AE2C /* CustomTextField.swift in Sources */,
				460949A92B1FA658001C8499 /* Endpoints.swift in Sources */,
				463CB2622B1F788300E3A6E4 /* PlayerListViewController.swift in Sources */,
				4630C72E2B24AF900008AE2C /* PlayerDetailViewModel.swift in Sources */,
				463CB23F2B1F781800E3A6E4 /* AppDelegate.swift in Sources */,
				460949BA2B20DE18001C8499 /* Extension+UIFont.swift in Sources */,
				460949A42B1F8146001C8499 /* DetailInteractor.swift in Sources */,
				460949AE2B20DCF9001C8499 /* PlayerCell.swift in Sources */,
				463CB2642B1F788300E3A6E4 /* PlayerListRouter.swift in Sources */,
				460949A02B1F8146001C8499 /* DetailModuleBuilder.swift in Sources */,
				463CB2652B1F788300E3A6E4 /* PlayerListInteractor.swift in Sources */,
				463CB2632B1F788300E3A6E4 /* PlayerListModuleBuilder.swift in Sources */,
				463CB2412B1F781800E3A6E4 /* SceneDelegate.swift in Sources */,
				460949A12B1F8146001C8499 /* DetailPresenter.swift in Sources */,
				460949A32B1F8146001C8499 /* DetailViewController.swift in Sources */,
				4630C7282B238A250008AE2C /* PlaceholderView.swift in Sources */,
			);
			runOnlyForDeploymentPostprocessing = 0;
		};
/* End PBXSourcesBuildPhase section */

/* Begin PBXVariantGroup section */
		463CB2492B1F781900E3A6E4 /* LaunchScreen.storyboard */ = {
			isa = PBXVariantGroup;
			children = (
				463CB24A2B1F781900E3A6E4 /* Base */,
			);
			name = LaunchScreen.storyboard;
			sourceTree = "<group>";
		};
/* End PBXVariantGroup section */

/* Begin XCBuildConfiguration section */
		463CB24D2B1F781900E3A6E4 /* Debug */ = {
			isa = XCBuildConfiguration;
			buildSettings = {
				ALWAYS_SEARCH_USER_PATHS = NO;
				ASSETCATALOG_COMPILER_GENERATE_SWIFT_ASSET_SYMBOL_EXTENSIONS = YES;
				CLANG_ANALYZER_NONNULL = YES;
				CLANG_ANALYZER_NUMBER_OBJECT_CONVERSION = YES_AGGRESSIVE;
				CLANG_CXX_LANGUAGE_STANDARD = "gnu++20";
				CLANG_ENABLE_MODULES = YES;
				CLANG_ENABLE_OBJC_ARC = YES;
				CLANG_ENABLE_OBJC_WEAK = YES;
				CLANG_WARN_BLOCK_CAPTURE_AUTORELEASING = YES;
				CLANG_WARN_BOOL_CONVERSION = YES;
				CLANG_WARN_COMMA = YES;
				CLANG_WARN_CONSTANT_CONVERSION = YES;
				CLANG_WARN_DEPRECATED_OBJC_IMPLEMENTATIONS = YES;
				CLANG_WARN_DIRECT_OBJC_ISA_USAGE = YES_ERROR;
				CLANG_WARN_DOCUMENTATION_COMMENTS = YES;
				CLANG_WARN_EMPTY_BODY = YES;
				CLANG_WARN_ENUM_CONVERSION = YES;
				CLANG_WARN_INFINITE_RECURSION = YES;
				CLANG_WARN_INT_CONVERSION = YES;
				CLANG_WARN_NON_LITERAL_NULL_CONVERSION = YES;
				CLANG_WARN_OBJC_IMPLICIT_RETAIN_SELF = YES;
				CLANG_WARN_OBJC_LITERAL_CONVERSION = YES;
				CLANG_WARN_OBJC_ROOT_CLASS = YES_ERROR;
				CLANG_WARN_QUOTED_INCLUDE_IN_FRAMEWORK_HEADER = YES;
				CLANG_WARN_RANGE_LOOP_ANALYSIS = YES;
				CLANG_WARN_STRICT_PROTOTYPES = YES;
				CLANG_WARN_SUSPICIOUS_MOVE = YES;
				CLANG_WARN_UNGUARDED_AVAILABILITY = YES_AGGRESSIVE;
				CLANG_WARN_UNREACHABLE_CODE = YES;
				CLANG_WARN__DUPLICATE_METHOD_MATCH = YES;
				COPY_PHASE_STRIP = NO;
				DEBUG_INFORMATION_FORMAT = dwarf;
				ENABLE_STRICT_OBJC_MSGSEND = YES;
				ENABLE_TESTABILITY = YES;
				ENABLE_USER_SCRIPT_SANDBOXING = YES;
				GCC_C_LANGUAGE_STANDARD = gnu17;
				GCC_DYNAMIC_NO_PIC = NO;
				GCC_NO_COMMON_BLOCKS = YES;
				GCC_OPTIMIZATION_LEVEL = 0;
				GCC_PREPROCESSOR_DEFINITIONS = (
					"DEBUG=1",
					"$(inherited)",
				);
				GCC_WARN_64_TO_32_BIT_CONVERSION = YES;
				GCC_WARN_ABOUT_RETURN_TYPE = YES_ERROR;
				GCC_WARN_UNDECLARED_SELECTOR = YES;
				GCC_WARN_UNINITIALIZED_AUTOS = YES_AGGRESSIVE;
				GCC_WARN_UNUSED_FUNCTION = YES;
				GCC_WARN_UNUSED_VARIABLE = YES;
				IPHONEOS_DEPLOYMENT_TARGET = 17.0;
				LOCALIZATION_PREFERS_STRING_CATALOGS = YES;
				MTL_ENABLE_DEBUG_INFO = INCLUDE_SOURCE;
				MTL_FAST_MATH = YES;
				ONLY_ACTIVE_ARCH = YES;
				SDKROOT = iphoneos;
				SWIFT_ACTIVE_COMPILATION_CONDITIONS = "DEBUG $(inherited)";
				SWIFT_OPTIMIZATION_LEVEL = "-Onone";
			};
			name = Debug;
		};
		463CB24E2B1F781900E3A6E4 /* Release */ = {
			isa = XCBuildConfiguration;
			buildSettings = {
				ALWAYS_SEARCH_USER_PATHS = NO;
				ASSETCATALOG_COMPILER_GENERATE_SWIFT_ASSET_SYMBOL_EXTENSIONS = YES;
				CLANG_ANALYZER_NONNULL = YES;
				CLANG_ANALYZER_NUMBER_OBJECT_CONVERSION = YES_AGGRESSIVE;
				CLANG_CXX_LANGUAGE_STANDARD = "gnu++20";
				CLANG_ENABLE_MODULES = YES;
				CLANG_ENABLE_OBJC_ARC = YES;
				CLANG_ENABLE_OBJC_WEAK = YES;
				CLANG_WARN_BLOCK_CAPTURE_AUTORELEASING = YES;
				CLANG_WARN_BOOL_CONVERSION = YES;
				CLANG_WARN_COMMA = YES;
				CLANG_WARN_CONSTANT_CONVERSION = YES;
				CLANG_WARN_DEPRECATED_OBJC_IMPLEMENTATIONS = YES;
				CLANG_WARN_DIRECT_OBJC_ISA_USAGE = YES_ERROR;
				CLANG_WARN_DOCUMENTATION_COMMENTS = YES;
				CLANG_WARN_EMPTY_BODY = YES;
				CLANG_WARN_ENUM_CONVERSION = YES;
				CLANG_WARN_INFINITE_RECURSION = YES;
				CLANG_WARN_INT_CONVERSION = YES;
				CLANG_WARN_NON_LITERAL_NULL_CONVERSION = YES;
				CLANG_WARN_OBJC_IMPLICIT_RETAIN_SELF = YES;
				CLANG_WARN_OBJC_LITERAL_CONVERSION = YES;
				CLANG_WARN_OBJC_ROOT_CLASS = YES_ERROR;
				CLANG_WARN_QUOTED_INCLUDE_IN_FRAMEWORK_HEADER = YES;
				CLANG_WARN_RANGE_LOOP_ANALYSIS = YES;
				CLANG_WARN_STRICT_PROTOTYPES = YES;
				CLANG_WARN_SUSPICIOUS_MOVE = YES;
				CLANG_WARN_UNGUARDED_AVAILABILITY = YES_AGGRESSIVE;
				CLANG_WARN_UNREACHABLE_CODE = YES;
				CLANG_WARN__DUPLICATE_METHOD_MATCH = YES;
				COPY_PHASE_STRIP = NO;
				DEBUG_INFORMATION_FORMAT = "dwarf-with-dsym";
				ENABLE_NS_ASSERTIONS = NO;
				ENABLE_STRICT_OBJC_MSGSEND = YES;
				ENABLE_USER_SCRIPT_SANDBOXING = YES;
				GCC_C_LANGUAGE_STANDARD = gnu17;
				GCC_NO_COMMON_BLOCKS = YES;
				GCC_WARN_64_TO_32_BIT_CONVERSION = YES;
				GCC_WARN_ABOUT_RETURN_TYPE = YES_ERROR;
				GCC_WARN_UNDECLARED_SELECTOR = YES;
				GCC_WARN_UNINITIALIZED_AUTOS = YES_AGGRESSIVE;
				GCC_WARN_UNUSED_FUNCTION = YES;
				GCC_WARN_UNUSED_VARIABLE = YES;
				IPHONEOS_DEPLOYMENT_TARGET = 17.0;
				LOCALIZATION_PREFERS_STRING_CATALOGS = YES;
				MTL_ENABLE_DEBUG_INFO = NO;
				MTL_FAST_MATH = YES;
				SDKROOT = iphoneos;
				SWIFT_COMPILATION_MODE = wholemodule;
				VALIDATE_PRODUCT = YES;
			};
			name = Release;
		};
		463CB2502B1F781900E3A6E4 /* Debug */ = {
			isa = XCBuildConfiguration;
			buildSettings = {
				ASSETCATALOG_COMPILER_APPICON_NAME = AppIcon;
				ASSETCATALOG_COMPILER_GLOBAL_ACCENT_COLOR_NAME = AccentColor;
				CODE_SIGN_STYLE = Automatic;
				CURRENT_PROJECT_VERSION = 1;
				DEVELOPMENT_TEAM = MG7VG49PJM;
				GENERATE_INFOPLIST_FILE = YES;
				INFOPLIST_FILE = TopScorers/Resources/Info.plist;
				INFOPLIST_KEY_UIApplicationSupportsIndirectInputEvents = YES;
				INFOPLIST_KEY_UILaunchStoryboardName = LaunchScreen;
				INFOPLIST_KEY_UISupportedInterfaceOrientations_iPad = "UIInterfaceOrientationPortrait UIInterfaceOrientationPortraitUpsideDown UIInterfaceOrientationLandscapeLeft UIInterfaceOrientationLandscapeRight";
				INFOPLIST_KEY_UISupportedInterfaceOrientations_iPhone = "UIInterfaceOrientationPortrait UIInterfaceOrientationLandscapeLeft UIInterfaceOrientationLandscapeRight";
				IPHONEOS_DEPLOYMENT_TARGET = 16.4;
				LD_RUNPATH_SEARCH_PATHS = (
					"$(inherited)",
					"@executable_path/Frameworks",
				);
				MARKETING_VERSION = 1.0;
				PRODUCT_BUNDLE_IDENTIFIER = app.TopScorers;
				PRODUCT_NAME = "$(TARGET_NAME)";
				SWIFT_EMIT_LOC_STRINGS = YES;
				SWIFT_VERSION = 5.0;
				TARGETED_DEVICE_FAMILY = "1,2";
			};
			name = Debug;
		};
		463CB2512B1F781900E3A6E4 /* Release */ = {
			isa = XCBuildConfiguration;
			buildSettings = {
				ASSETCATALOG_COMPILER_APPICON_NAME = AppIcon;
				ASSETCATALOG_COMPILER_GLOBAL_ACCENT_COLOR_NAME = AccentColor;
				CODE_SIGN_STYLE = Automatic;
				CURRENT_PROJECT_VERSION = 1;
				DEVELOPMENT_TEAM = MG7VG49PJM;
				GENERATE_INFOPLIST_FILE = YES;
				INFOPLIST_FILE = TopScorers/Resources/Info.plist;
				INFOPLIST_KEY_UIApplicationSupportsIndirectInputEvents = YES;
				INFOPLIST_KEY_UILaunchStoryboardName = LaunchScreen;
				INFOPLIST_KEY_UISupportedInterfaceOrientations_iPad = "UIInterfaceOrientationPortrait UIInterfaceOrientationPortraitUpsideDown UIInterfaceOrientationLandscapeLeft UIInterfaceOrientationLandscapeRight";
				INFOPLIST_KEY_UISupportedInterfaceOrientations_iPhone = "UIInterfaceOrientationPortrait UIInterfaceOrientationLandscapeLeft UIInterfaceOrientationLandscapeRight";
				IPHONEOS_DEPLOYMENT_TARGET = 16.4;
				LD_RUNPATH_SEARCH_PATHS = (
					"$(inherited)",
					"@executable_path/Frameworks",
				);
				MARKETING_VERSION = 1.0;
				PRODUCT_BUNDLE_IDENTIFIER = app.TopScorers;
				PRODUCT_NAME = "$(TARGET_NAME)";
				SWIFT_EMIT_LOC_STRINGS = YES;
				SWIFT_VERSION = 5.0;
				TARGETED_DEVICE_FAMILY = "1,2";
			};
			name = Release;
		};
/* End XCBuildConfiguration section */

/* Begin XCConfigurationList section */
		463CB2362B1F781800E3A6E4 /* Build configuration list for PBXProject "TopScorers" */ = {
			isa = XCConfigurationList;
			buildConfigurations = (
				463CB24D2B1F781900E3A6E4 /* Debug */,
				463CB24E2B1F781900E3A6E4 /* Release */,
			);
			defaultConfigurationIsVisible = 0;
			defaultConfigurationName = Release;
		};
		463CB24F2B1F781900E3A6E4 /* Build configuration list for PBXNativeTarget "TopScorers" */ = {
			isa = XCConfigurationList;
			buildConfigurations = (
				463CB2502B1F781900E3A6E4 /* Debug */,
				463CB2512B1F781900E3A6E4 /* Release */,
			);
			defaultConfigurationIsVisible = 0;
			defaultConfigurationName = Release;
		};
/* End XCConfigurationList section */

/* Begin XCRemoteSwiftPackageReference section */
		460949A52B1FA335001C8499 /* XCRemoteSwiftPackageReference "SnapKit" */ = {
			isa = XCRemoteSwiftPackageReference;
			repositoryURL = "https://github.com/SnapKit/SnapKit";
			requirement = {
				kind = upToNextMajorVersion;
				minimumVersion = 5.6.0;
			};
		};
		460949AA2B1FAAFE001C8499 /* XCRemoteSwiftPackageReference "Alamofire" */ = {
			isa = XCRemoteSwiftPackageReference;
			repositoryURL = "https://github.com/Alamofire/Alamofire";
			requirement = {
				kind = upToNextMajorVersion;
				minimumVersion = 5.8.1;
			};
		};
		460949BC2B20E5DF001C8499 /* XCRemoteSwiftPackageReference "AlamofireImage" */ = {
			isa = XCRemoteSwiftPackageReference;
			repositoryURL = "https://github.com/Alamofire/AlamofireImage";
			requirement = {
				kind = upToNextMajorVersion;
				minimumVersion = 4.3.0;
			};
		};
		4630C71C2B2240370008AE2C /* XCRemoteSwiftPackageReference "realm-swift" */ = {
			isa = XCRemoteSwiftPackageReference;
			repositoryURL = "https://github.com/realm/realm-swift.git";
			requirement = {
				kind = upToNextMajorVersion;
				minimumVersion = 10.44.0;
			};
		};
/* End XCRemoteSwiftPackageReference section */

/* Begin XCSwiftPackageProductDependency section */
		460949A62B1FA335001C8499 /* SnapKit */ = {
			isa = XCSwiftPackageProductDependency;
			package = 460949A52B1FA335001C8499 /* XCRemoteSwiftPackageReference "SnapKit" */;
			productName = SnapKit;
		};
		460949AB2B1FAAFE001C8499 /* Alamofire */ = {
			isa = XCSwiftPackageProductDependency;
			package = 460949AA2B1FAAFE001C8499 /* XCRemoteSwiftPackageReference "Alamofire" */;
			productName = Alamofire;
		};
		460949BD2B20E5DF001C8499 /* AlamofireImage */ = {
			isa = XCSwiftPackageProductDependency;
			package = 460949BC2B20E5DF001C8499 /* XCRemoteSwiftPackageReference "AlamofireImage" */;
			productName = AlamofireImage;
		};
/* End XCSwiftPackageProductDependency section */
	};
	rootObject = 463CB2332B1F781800E3A6E4 /* Project object */;
}
